{
  "nodes": {
    "emacs-src": {
      "flake": false,
      "locked": {
        "lastModified": 1638017305,
        "narHash": "sha256-S8ZNzi0hud/O5USxR4ylGA1W8Xsl3B0TdZIBwCTH0Ns=",
        "owner": "emacs-mirror",
        "repo": "emacs",
        "rev": "f97539876af597e2497bfde68a68878166406302",
        "type": "github"
      },
      "original": {
        "owner": "emacs-mirror",
        "repo": "emacs",
        "type": "github"
      }
    },
    "emacs-vterm-src": {
      "flake": false,
      "locked": {
        "lastModified": 1631083259,
        "narHash": "sha256-+fl1GUCpAZBOvgMd3akF9EMirp1/K+JyRq0TWKSDeJw=",
        "owner": "akermu",
        "repo": "emacs-libvterm",
        "rev": "2681120b770573044832ba8c22ccbac192e1a294",
        "type": "github"
      },
      "original": {
        "owner": "akermu",
        "repo": "emacs-libvterm",
        "type": "github"
      }
    },
    "nixpkgs": {
      "locked": {
        "lastModified": 1637831627,
        "narHash": "sha256-si2E/QIsvABXsp0Nc5S8WHsT0ePhpfRNyz122v3wtjA=",
        "owner": "nixos",
        "repo": "nixpkgs",
        "rev": "47b35f569e84eb6dbbcf0a9fc75d8729ab8837fd",
        "type": "github"
      },
      "original": {
        "owner": "nixos",
        "ref": "nixpkgs-unstable",
        "repo": "nixpkgs",
        "type": "github"
      }
    },
    "root": {
      "inputs": {
        "emacs-src": "emacs-src",
        "emacs-vterm-src": "emacs-vterm-src",
        "nixpkgs": "nixpkgs"
      }
    }
  },
  "root": "root",
  "version": 7
}
