{
  "nodes": {
    "emacs-src": {
      "flake": false,
      "locked": {
        "lastModified": 1639296734,
        "narHash": "sha256-6iq2eCV2zhej2TUMiR2XOTgS9ngrgmqTiyNmwos4d3o=",
        "owner": "emacs-mirror",
        "repo": "emacs",
        "rev": "8faada1f5acdd3139c3aaf606176c38389031d55",
        "type": "github"
      },
      "original": {
        "owner": "emacs-mirror",
        "repo": "emacs",
        "type": "github"
      }
    },
    "emacs-vterm-src": {
      "flake": false,
      "locked": {
        "lastModified": 1639011490,
        "narHash": "sha256-egN9sRWxUN99ExmO8ZWhYV43x0U2EUlnFAElIP3BAlc=",
        "owner": "akermu",
        "repo": "emacs-libvterm",
        "rev": "ed6e867cfab77c5a311a516d20af44f57526cfdc",
        "type": "github"
      },
      "original": {
        "owner": "akermu",
        "repo": "emacs-libvterm",
        "type": "github"
      }
    },
    "nixpkgs": {
      "locked": {
        "lastModified": 1639239143,
        "narHash": "sha256-9fFMUs6m3/4ZMflSqRgO4iEkBtFBnDyLWa3AB2tOvfs=",
        "owner": "nixos",
        "repo": "nixpkgs",
        "rev": "e6df26a654b7fdd59a068c57001eab5736b1363c",
        "type": "github"
      },
      "original": {
        "owner": "nixos",
        "ref": "nixpkgs-unstable",
        "repo": "nixpkgs",
        "type": "github"
      }
    },
    "root": {
      "inputs": {
        "emacs-src": "emacs-src",
        "emacs-vterm-src": "emacs-vterm-src",
        "nixpkgs": "nixpkgs"
      }
    }
  },
  "root": "root",
  "version": 7
}
